
Microsoft Visual Studio Solution File, Format Version 11.00
# Visual Studio 2010
Project("{FAE04EC0-301F-11D3-BF4B-00C04F79EFBC}") = "EnclosedWithThanks", "src\EnclosedWithThanks.csproj", "{D2015E35-9429-42B6-80BA-EBD29892775D}"
EndProject
Project("{FAE04EC0-301F-11D3-BF4B-00C04F79EFBC}") = "EnclosedWithThanks.Spec", "test\EnclosedWithThanks.Spec.csproj", "{06B90BAE-A0E5-4B8A-BA2D-EA71A6F9F69D}"
EndProject
Global
	GlobalSection(SolutionConfigurationPlatforms) = preSolution
		Debug|Any CPU = Debug|Any CPU
		Release|Any CPU = Release|Any CPU
	EndGlobalSection
	GlobalSection(ProjectConfigurationPlatforms) = postSolution
		{D2015E35-9429-42B6-80BA-EBD29892775D}.Debug|Any CPU.ActiveCfg = Debug|Any CPU
		{D2015E35-9429-42B6-80BA-EBD29892775D}.Debug|Any CPU.Build.0 = Debug|Any CPU
		{D2015E35-9429-42B6-80BA-EBD29892775D}.Release|Any CPU.ActiveCfg = Release|Any CPU
		{D2015E35-9429-42B6-80BA-EBD29892775D}.Release|Any CPU.Build.0 = Release|Any CPU
		{06B90BAE-A0E5-4B8A-BA2D-EA71A6F9F69D}.Debug|Any CPU.ActiveCfg = Debug|Any CPU
		{06B90BAE-A0E5-4B8A-BA2D-EA71A6F9F69D}.Debug|Any CPU.Build.0 = Debug|Any CPU
		{06B90BAE-A0E5-4B8A-BA2D-EA71A6F9F69D}.Release|Any CPU.ActiveCfg = Release|Any CPU
		{06B90BAE-A0E5-4B8A-BA2D-EA71A6F9F69D}.Release|Any CPU.Build.0 = Release|Any CPU
	EndGlobalSection
	GlobalSection(SolutionProperties) = preSolution
		HideSolutionNode = FALSE
	EndGlobalSection
EndGlobal
